
Microsoft Visual Studio Solution File, Format Version 12.00
# Visual Studio Version 17
VisualStudioVersion = 17.8.34330.188
MinimumVisualStudioVersion = 10.0.40219.1
Project("{FAE04EC0-301F-11D3-BF4B-00C04F79EFBC}") = "CadastroDeProdutos", "CadastroDeProdutos\CadastroDeProdutos.csproj", "{19477605-84C9-49E9-AA35-C1D04565FA00}"
EndProject
Global
	GlobalSection(SolutionConfigurationPlatforms) = preSolution
		Debug|Any CPU = Debug|Any CPU
		Release|Any CPU = Release|Any CPU
	EndGlobalSection
	GlobalSection(ProjectConfigurationPlatforms) = postSolution
		{19477605-84C9-49E9-AA35-C1D04565FA00}.Debug|Any CPU.ActiveCfg = Debug|Any CPU
		{19477605-84C9-49E9-AA35-C1D04565FA00}.Debug|Any CPU.Build.0 = Debug|Any CPU
		{19477605-84C9-49E9-AA35-C1D04565FA00}.Release|Any CPU.ActiveCfg = Release|Any CPU
		{19477605-84C9-49E9-AA35-C1D04565FA00}.Release|Any CPU.Build.0 = Release|Any CPU
	EndGlobalSection
	GlobalSection(SolutionProperties) = preSolution
		HideSolutionNode = FALSE
	EndGlobalSection
	GlobalSection(ExtensibilityGlobals) = postSolution
		SolutionGuid = {0EDCF619-C1A7-47B0-BBD3-11786773A341}
	EndGlobalSection
EndGlobal
